// !$*UTF8*$!
{
	archiveVersion = 1;
	classes = {
	};
	objectVersion = 46;
	objects = {

/* Begin PBXBuildFile section */
		1B19B76518298D650091A2C5 /* Icon.png in Resources */ = {isa = PBXBuildFile; fileRef = 1B19B76318298D650091A2C5 /* Icon.png */; };
		1B19B76618298D650091A2C5 /* Icon@2x.png in Resources */ = {isa = PBXBuildFile; fileRef = 1B19B76418298D650091A2C5 /* Icon@2x.png */; };
		1B26171D1836C71D00187EC7 /* AdSupport.framework in Frameworks */ = {isa = PBXBuildFile; fileRef = 1B26171C1836C71D00187EC7 /* AdSupport.framework */; settings = {ATTRIBUTES = (Weak, ); }; };
		1B71868517ECE38400D1FB04 /* Foundation.framework in Frameworks */ = {isa = PBXBuildFile; fileRef = 1B71868417ECE38400D1FB04 /* Foundation.framework */; };
		1B71868717ECE38400D1FB04 /* CoreGraphics.framework in Frameworks */ = {isa = PBXBuildFile; fileRef = 1B71868617ECE38400D1FB04 /* CoreGraphics.framework */; };
		1B71868917ECE38400D1FB04 /* UIKit.framework in Frameworks */ = {isa = PBXBuildFile; fileRef = 1B71868817ECE38400D1FB04 /* UIKit.framework */; };
		1B71868F17ECE38400D1FB04 /* InfoPlist.strings in Resources */ = {isa = PBXBuildFile; fileRef = 1B71868D17ECE38400D1FB04 /* InfoPlist.strings */; };
		1B71869117ECE38400D1FB04 /* main.m in Sources */ = {isa = PBXBuildFile; fileRef = 1B71869017ECE38400D1FB04 /* main.m */; };
		1B71869517ECE38400D1FB04 /* AppDelegate.m in Sources */ = {isa = PBXBuildFile; fileRef = 1B71869417ECE38400D1FB04 /* AppDelegate.m */; };
		1B71869817ECE38400D1FB04 /* Main.storyboard in Resources */ = {isa = PBXBuildFile; fileRef = 1B71869617ECE38400D1FB04 /* Main.storyboard */; };
		1B71869B17ECE38400D1FB04 /* ViewController.m in Sources */ = {isa = PBXBuildFile; fileRef = 1B71869A17ECE38400D1FB04 /* ViewController.m */; };
		1B71869D17ECE38400D1FB04 /* Images.xcassets in Resources */ = {isa = PBXBuildFile; fileRef = 1B71869C17ECE38400D1FB04 /* Images.xcassets */; };
		1B7186A417ECE38400D1FB04 /* XCTest.framework in Frameworks */ = {isa = PBXBuildFile; fileRef = 1B7186A317ECE38400D1FB04 /* XCTest.framework */; };
		1B7186A517ECE38500D1FB04 /* Foundation.framework in Frameworks */ = {isa = PBXBuildFile; fileRef = 1B71868417ECE38400D1FB04 /* Foundation.framework */; };
		1B7186A617ECE38500D1FB04 /* UIKit.framework in Frameworks */ = {isa = PBXBuildFile; fileRef = 1B71868817ECE38400D1FB04 /* UIKit.framework */; };
		1B7186AE17ECE38500D1FB04 /* InfoPlist.strings in Resources */ = {isa = PBXBuildFile; fileRef = 1B7186AC17ECE38500D1FB04 /* InfoPlist.strings */; };
		1B7186B017ECE38500D1FB04 /* EC_Ad_DemoTests.m in Sources */ = {isa = PBXBuildFile; fileRef = 1B7186AF17ECE38500D1FB04 /* EC_Ad_DemoTests.m */; };
		1B7186BA17ECE3F100D1FB04 /* engageclick.png in Resources */ = {isa = PBXBuildFile; fileRef = 1B7186B917ECE3F100D1FB04 /* engageclick.png */; };
		1B7186C417ECE47500D1FB04 /* EventKit.framework in Frameworks */ = {isa = PBXBuildFile; fileRef = 1B7186C317ECE47500D1FB04 /* EventKit.framework */; };
		1B7186C617ECE47A00D1FB04 /* MessageUI.framework in Frameworks */ = {isa = PBXBuildFile; fileRef = 1B7186C517ECE47A00D1FB04 /* MessageUI.framework */; };
		1B7186C817ECE47F00D1FB04 /* Accounts.framework in Frameworks */ = {isa = PBXBuildFile; fileRef = 1B7186C717ECE47F00D1FB04 /* Accounts.framework */; };
		1B7186CA17ECE48300D1FB04 /* Social.framework in Frameworks */ = {isa = PBXBuildFile; fileRef = 1B7186C917ECE48300D1FB04 /* Social.framework */; settings = {ATTRIBUTES = (Weak, ); }; };
		1B7186CC17ECE48B00D1FB04 /* MapKit.framework in Frameworks */ = {isa = PBXBuildFile; fileRef = 1B7186CB17ECE48B00D1FB04 /* MapKit.framework */; };
		1B7186CE17ECE49000D1FB04 /* MediaPlayer.framework in Frameworks */ = {isa = PBXBuildFile; fileRef = 1B7186CD17ECE48F00D1FB04 /* MediaPlayer.framework */; };
		1B7186D017ECE49500D1FB04 /* QuartzCore.framework in Frameworks */ = {isa = PBXBuildFile; fileRef = 1B7186CF17ECE49500D1FB04 /* QuartzCore.framework */; };
		1B7186D217ECE49C00D1FB04 /* AudioToolbox.framework in Frameworks */ = {isa = PBXBuildFile; fileRef = 1B7186D117ECE49C00D1FB04 /* AudioToolbox.framework */; };
		1B7186D417ECE4A100D1FB04 /* StoreKit.framework in Frameworks */ = {isa = PBXBuildFile; fileRef = 1B7186D317ECE4A100D1FB04 /* StoreKit.framework */; settings = {ATTRIBUTES = (Weak, ); }; };
		1B7186D617ECE4AB00D1FB04 /* SystemConfiguration.framework in Frameworks */ = {isa = PBXBuildFile; fileRef = 1B7186D517ECE4AB00D1FB04 /* SystemConfiguration.framework */; };
		1B7186D817ECE4B100D1FB04 /* CoreLocation.framework in Frameworks */ = {isa = PBXBuildFile; fileRef = 1B7186D717ECE4B100D1FB04 /* CoreLocation.framework */; };
		1B7186DA17ECE4B600D1FB04 /* CoreTelephony.framework in Frameworks */ = {isa = PBXBuildFile; fileRef = 1B7186D917ECE4B600D1FB04 /* CoreTelephony.framework */; };
		1B71872117ED00A700D1FB04 /* ECAdLib.a in Frameworks */ = {isa = PBXBuildFile; fileRef = 1B71871C17ED00A700D1FB04 /* ECAdLib.a */; };
		1B71872217ED00A700D1FB04 /* ECAdLibResources.bundle in Resources */ = {isa = PBXBuildFile; fileRef = 1B71871D17ED00A700D1FB04 /* ECAdLibResources.bundle */; };
/* End PBXBuildFile section */

/* Begin PBXContainerItemProxy section */
		1B7186A717ECE38500D1FB04 /* PBXContainerItemProxy */ = {
			isa = PBXContainerItemProxy;
			containerPortal = 1B71867917ECE38400D1FB04 /* Project object */;
			proxyType = 1;
			remoteGlobalIDString = 1B71868017ECE38400D1FB04;
			remoteInfo = "EC Ad Demo";
		};
/* End PBXContainerItemProxy section */

/* Begin PBXFileReference section */
		1B19B76318298D650091A2C5 /* Icon.png */ = {isa = PBXFileReference; lastKnownFileType = image.png; path = Icon.png; sourceTree = "<group>"; };
		1B19B76418298D650091A2C5 /* Icon@2x.png */ = {isa = PBXFileReference; lastKnownFileType = image.png; path = "Icon@2x.png"; sourceTree = "<group>"; };
		1B26171C1836C71D00187EC7 /* AdSupport.framework */ = {isa = PBXFileReference; lastKnownFileType = wrapper.framework; name = AdSupport.framework; path = System/Library/Frameworks/AdSupport.framework; sourceTree = SDKROOT; };
		1B71868117ECE38400D1FB04 /* ECTestAd.app */ = {isa = PBXFileReference; explicitFileType = wrapper.application; includeInIndex = 0; path = ECTestAd.app; sourceTree = BUILT_PRODUCTS_DIR; };
		1B71868417ECE38400D1FB04 /* Foundation.framework */ = {isa = PBXFileReference; lastKnownFileType = wrapper.framework; name = Foundation.framework; path = System/Library/Frameworks/Foundation.framework; sourceTree = SDKROOT; };
		1B71868617ECE38400D1FB04 /* CoreGraphics.framework */ = {isa = PBXFileReference; lastKnownFileType = wrapper.framework; name = CoreGraphics.framework; path = System/Library/Frameworks/CoreGraphics.framework; sourceTree = SDKROOT; };
		1B71868817ECE38400D1FB04 /* UIKit.framework */ = {isa = PBXFileReference; lastKnownFileType = wrapper.framework; name = UIKit.framework; path = System/Library/Frameworks/UIKit.framework; sourceTree = SDKROOT; };
		1B71868C17ECE38400D1FB04 /* ECTestAd-Info.plist */ = {isa = PBXFileReference; lastKnownFileType = text.plist.xml; path = "ECTestAd-Info.plist"; sourceTree = "<group>"; };
		1B71868E17ECE38400D1FB04 /* en */ = {isa = PBXFileReference; lastKnownFileType = text.plist.strings; name = en; path = en.lproj/InfoPlist.strings; sourceTree = "<group>"; };
		1B71869017ECE38400D1FB04 /* main.m */ = {isa = PBXFileReference; lastKnownFileType = sourcecode.c.objc; path = main.m; sourceTree = "<group>"; };
		1B71869217ECE38400D1FB04 /* ECTestAd-Prefix.pch */ = {isa = PBXFileReference; lastKnownFileType = sourcecode.c.h; path = "ECTestAd-Prefix.pch"; sourceTree = "<group>"; };
		1B71869317ECE38400D1FB04 /* AppDelegate.h */ = {isa = PBXFileReference; lastKnownFileType = sourcecode.c.h; path = AppDelegate.h; sourceTree = "<group>"; };
		1B71869417ECE38400D1FB04 /* AppDelegate.m */ = {isa = PBXFileReference; lastKnownFileType = sourcecode.c.objc; path = AppDelegate.m; sourceTree = "<group>"; };
		1B71869717ECE38400D1FB04 /* Base */ = {isa = PBXFileReference; lastKnownFileType = file.storyboard; name = Base; path = Base.lproj/Main.storyboard; sourceTree = "<group>"; };
		1B71869917ECE38400D1FB04 /* ViewController.h */ = {isa = PBXFileReference; lastKnownFileType = sourcecode.c.h; path = ViewController.h; sourceTree = "<group>"; };
		1B71869A17ECE38400D1FB04 /* ViewController.m */ = {isa = PBXFileReference; lastKnownFileType = sourcecode.c.objc; path = ViewController.m; sourceTree = "<group>"; };
		1B71869C17ECE38400D1FB04 /* Images.xcassets */ = {isa = PBXFileReference; lastKnownFileType = folder.assetcatalog; path = Images.xcassets; sourceTree = "<group>"; };
		1B7186A217ECE38400D1FB04 /* ECTestAdTests.xctest */ = {isa = PBXFileReference; explicitFileType = wrapper.cfbundle; includeInIndex = 0; path = ECTestAdTests.xctest; sourceTree = BUILT_PRODUCTS_DIR; };
		1B7186A317ECE38400D1FB04 /* XCTest.framework */ = {isa = PBXFileReference; lastKnownFileType = wrapper.framework; name = XCTest.framework; path = Library/Frameworks/XCTest.framework; sourceTree = DEVELOPER_DIR; };
		1B7186AB17ECE38500D1FB04 /* ECTestAdTests-Info.plist */ = {isa = PBXFileReference; lastKnownFileType = text.plist.xml; path = "ECTestAdTests-Info.plist"; sourceTree = "<group>"; };
		1B7186AD17ECE38500D1FB04 /* en */ = {isa = PBXFileReference; lastKnownFileType = text.plist.strings; name = en; path = en.lproj/InfoPlist.strings; sourceTree = "<group>"; };
		1B7186AF17ECE38500D1FB04 /* EC_Ad_DemoTests.m */ = {isa = PBXFileReference; lastKnownFileType = sourcecode.c.objc; path = EC_Ad_DemoTests.m; sourceTree = "<group>"; };
		1B7186B917ECE3F100D1FB04 /* engageclick.png */ = {isa = PBXFileReference; lastKnownFileType = image.png; path = engageclick.png; sourceTree = "<group>"; };
		1B7186C317ECE47500D1FB04 /* EventKit.framework */ = {isa = PBXFileReference; lastKnownFileType = wrapper.framework; name = EventKit.framework; path = System/Library/Frameworks/EventKit.framework; sourceTree = SDKROOT; };
		1B7186C517ECE47A00D1FB04 /* MessageUI.framework */ = {isa = PBXFileReference; lastKnownFileType = wrapper.framework; name = MessageUI.framework; path = System/Library/Frameworks/MessageUI.framework; sourceTree = SDKROOT; };
		1B7186C717ECE47F00D1FB04 /* Accounts.framework */ = {isa = PBXFileReference; lastKnownFileType = wrapper.framework; name = Accounts.framework; path = System/Library/Frameworks/Accounts.framework; sourceTree = SDKROOT; };
		1B7186C917ECE48300D1FB04 /* Social.framework */ = {isa = PBXFileReference; lastKnownFileType = wrapper.framework; name = Social.framework; path = System/Library/Frameworks/Social.framework; sourceTree = SDKROOT; };
		1B7186CB17ECE48B00D1FB04 /* MapKit.framework */ = {isa = PBXFileReference; lastKnownFileType = wrapper.framework; name = MapKit.framework; path = System/Library/Frameworks/MapKit.framework; sourceTree = SDKROOT; };
		1B7186CD17ECE48F00D1FB04 /* MediaPlayer.framework */ = {isa = PBXFileReference; lastKnownFileType = wrapper.framework; name = MediaPlayer.framework; path = System/Library/Frameworks/MediaPlayer.framework; sourceTree = SDKROOT; };
		1B7186CF17ECE49500D1FB04 /* QuartzCore.framework */ = {isa = PBXFileReference; lastKnownFileType = wrapper.framework; name = QuartzCore.framework; path = System/Library/Frameworks/QuartzCore.framework; sourceTree = SDKROOT; };
		1B7186D117ECE49C00D1FB04 /* AudioToolbox.framework */ = {isa = PBXFileReference; lastKnownFileType = wrapper.framework; name = AudioToolbox.framework; path = System/Library/Frameworks/AudioToolbox.framework; sourceTree = SDKROOT; };
		1B7186D317ECE4A100D1FB04 /* StoreKit.framework */ = {isa = PBXFileReference; lastKnownFileType = wrapper.framework; name = StoreKit.framework; path = System/Library/Frameworks/StoreKit.framework; sourceTree = SDKROOT; };
		1B7186D517ECE4AB00D1FB04 /* SystemConfiguration.framework */ = {isa = PBXFileReference; lastKnownFileType = wrapper.framework; name = SystemConfiguration.framework; path = System/Library/Frameworks/SystemConfiguration.framework; sourceTree = SDKROOT; };
		1B7186D717ECE4B100D1FB04 /* CoreLocation.framework */ = {isa = PBXFileReference; lastKnownFileType = wrapper.framework; name = CoreLocation.framework; path = System/Library/Frameworks/CoreLocation.framework; sourceTree = SDKROOT; };
		1B7186D917ECE4B600D1FB04 /* CoreTelephony.framework */ = {isa = PBXFileReference; lastKnownFileType = wrapper.framework; name = CoreTelephony.framework; path = System/Library/Frameworks/CoreTelephony.framework; sourceTree = SDKROOT; };
		1B71871C17ED00A700D1FB04 /* ECAdLib.a */ = {isa = PBXFileReference; lastKnownFileType = archive.ar; path = ECAdLib.a; sourceTree = "<group>"; };
		1B71871D17ED00A700D1FB04 /* ECAdLibResources.bundle */ = {isa = PBXFileReference; lastKnownFileType = "wrapper.plug-in"; path = ECAdLibResources.bundle; sourceTree = "<group>"; };
		1B71871E17ED00A700D1FB04 /* ECAdManager.h */ = {isa = PBXFileReference; fileEncoding = 4; lastKnownFileType = sourcecode.c.h; path = ECAdManager.h; sourceTree = "<group>"; };
		1BA731AE18A2F89F006F7834 /* ECBannerAdView.h */ = {isa = PBXFileReference; fileEncoding = 4; lastKnownFileType = sourcecode.c.h; path = ECBannerAdView.h; sourceTree = "<group>"; };
		1BA731AF18A30110006F7834 /* ECBrowserViewController.h */ = {isa = PBXFileReference; fileEncoding = 4; lastKnownFileType = sourcecode.c.h; path = ECBrowserViewController.h; sourceTree = "<group>"; };
/* End PBXFileReference section */

/* Begin PBXFrameworksBuildPhase section */
		1B71867E17ECE38400D1FB04 /* Frameworks */ = {
			isa = PBXFrameworksBuildPhase;
			buildActionMask = 2147483647;
			files = (
				1B26171D1836C71D00187EC7 /* AdSupport.framework in Frameworks */,
				1B7186DA17ECE4B600D1FB04 /* CoreTelephony.framework in Frameworks */,
				1B7186D817ECE4B100D1FB04 /* CoreLocation.framework in Frameworks */,
				1B7186D617ECE4AB00D1FB04 /* SystemConfiguration.framework in Frameworks */,
				1B7186D417ECE4A100D1FB04 /* StoreKit.framework in Frameworks */,
				1B7186D217ECE49C00D1FB04 /* AudioToolbox.framework in Frameworks */,
				1B7186D017ECE49500D1FB04 /* QuartzCore.framework in Frameworks */,
				1B7186CE17ECE49000D1FB04 /* MediaPlayer.framework in Frameworks */,
				1B7186CC17ECE48B00D1FB04 /* MapKit.framework in Frameworks */,
				1B7186CA17ECE48300D1FB04 /* Social.framework in Frameworks */,
				1B7186C817ECE47F00D1FB04 /* Accounts.framework in Frameworks */,
				1B7186C617ECE47A00D1FB04 /* MessageUI.framework in Frameworks */,
				1B7186C417ECE47500D1FB04 /* EventKit.framework in Frameworks */,
				1B71872117ED00A700D1FB04 /* ECAdLib.a in Frameworks */,
				1B71868717ECE38400D1FB04 /* CoreGraphics.framework in Frameworks */,
				1B71868917ECE38400D1FB04 /* UIKit.framework in Frameworks */,
				1B71868517ECE38400D1FB04 /* Foundation.framework in Frameworks */,
			);
			runOnlyForDeploymentPostprocessing = 0;
		};
		1B71869F17ECE38400D1FB04 /* Frameworks */ = {
			isa = PBXFrameworksBuildPhase;
			buildActionMask = 2147483647;
			files = (
				1B7186A417ECE38400D1FB04 /* XCTest.framework in Frameworks */,
				1B7186A617ECE38500D1FB04 /* UIKit.framework in Frameworks */,
				1B7186A517ECE38500D1FB04 /* Foundation.framework in Frameworks */,
			);
			runOnlyForDeploymentPostprocessing = 0;
		};
/* End PBXFrameworksBuildPhase section */

/* Begin PBXGroup section */
		1B2DB96B17F395A200C6E3EB /* iPad */ = {
			isa = PBXGroup;
			children = (
			);
			name = iPad;
			sourceTree = "<group>";
		};
		1B71867817ECE38400D1FB04 = {
			isa = PBXGroup;
			children = (
				1B19B76318298D650091A2C5 /* Icon.png */,
				1B19B76418298D650091A2C5 /* Icon@2x.png */,
				1B2DB96B17F395A200C6E3EB /* iPad */,
				1B71871B17ED00A700D1FB04 /* EC AdLib */,
				1B71868A17ECE38400D1FB04 /* EC Ad Demo */,
				1B7186A917ECE38500D1FB04 /* EC Ad DemoTests */,
				1B71868317ECE38400D1FB04 /* Frameworks */,
				1B71868217ECE38400D1FB04 /* Products */,
			);
			sourceTree = "<group>";
		};
		1B71868217ECE38400D1FB04 /* Products */ = {
			isa = PBXGroup;
			children = (
				1B71868117ECE38400D1FB04 /* ECTestAd.app */,
				1B7186A217ECE38400D1FB04 /* ECTestAdTests.xctest */,
			);
			name = Products;
			sourceTree = "<group>";
		};
		1B71868317ECE38400D1FB04 /* Frameworks */ = {
			isa = PBXGroup;
			children = (
				1B26171C1836C71D00187EC7 /* AdSupport.framework */,
				1B7186D917ECE4B600D1FB04 /* CoreTelephony.framework */,
				1B7186D717ECE4B100D1FB04 /* CoreLocation.framework */,
				1B7186D517ECE4AB00D1FB04 /* SystemConfiguration.framework */,
				1B7186D317ECE4A100D1FB04 /* StoreKit.framework */,
				1B7186D117ECE49C00D1FB04 /* AudioToolbox.framework */,
				1B7186CF17ECE49500D1FB04 /* QuartzCore.framework */,
				1B7186CD17ECE48F00D1FB04 /* MediaPlayer.framework */,
				1B7186CB17ECE48B00D1FB04 /* MapKit.framework */,
				1B7186C917ECE48300D1FB04 /* Social.framework */,
				1B7186C717ECE47F00D1FB04 /* Accounts.framework */,
				1B7186C517ECE47A00D1FB04 /* MessageUI.framework */,
				1B7186C317ECE47500D1FB04 /* EventKit.framework */,
				1B71868417ECE38400D1FB04 /* Foundation.framework */,
				1B71868617ECE38400D1FB04 /* CoreGraphics.framework */,
				1B71868817ECE38400D1FB04 /* UIKit.framework */,
				1B7186A317ECE38400D1FB04 /* XCTest.framework */,
			);
			name = Frameworks;
			sourceTree = "<group>";
		};
		1B71868A17ECE38400D1FB04 /* EC Ad Demo */ = {
			isa = PBXGroup;
			children = (
				1B7186B917ECE3F100D1FB04 /* engageclick.png */,
				1B71869317ECE38400D1FB04 /* AppDelegate.h */,
				1B71869417ECE38400D1FB04 /* AppDelegate.m */,
				1B71869617ECE38400D1FB04 /* Main.storyboard */,
				1B71869917ECE38400D1FB04 /* ViewController.h */,
				1B71869A17ECE38400D1FB04 /* ViewController.m */,
				1B71869C17ECE38400D1FB04 /* Images.xcassets */,
				1B71868B17ECE38400D1FB04 /* Supporting Files */,
			);
			path = "EC Ad Demo";
			sourceTree = "<group>";
		};
		1B71868B17ECE38400D1FB04 /* Supporting Files */ = {
			isa = PBXGroup;
			children = (
				1B71868C17ECE38400D1FB04 /* ECTestAd-Info.plist */,
				1B71868D17ECE38400D1FB04 /* InfoPlist.strings */,
				1B71869017ECE38400D1FB04 /* main.m */,
				1B71869217ECE38400D1FB04 /* ECTestAd-Prefix.pch */,
			);
			name = "Supporting Files";
			sourceTree = "<group>";
		};
		1B7186A917ECE38500D1FB04 /* EC Ad DemoTests */ = {
			isa = PBXGroup;
			children = (
				1B7186AF17ECE38500D1FB04 /* EC_Ad_DemoTests.m */,
				1B7186AA17ECE38500D1FB04 /* Supporting Files */,
			);
			path = "EC Ad DemoTests";
			sourceTree = "<group>";
		};
		1B7186AA17ECE38500D1FB04 /* Supporting Files */ = {
			isa = PBXGroup;
			children = (
				1B7186AB17ECE38500D1FB04 /* ECTestAdTests-Info.plist */,
				1B7186AC17ECE38500D1FB04 /* InfoPlist.strings */,
			);
			name = "Supporting Files";
			sourceTree = "<group>";
		};
		1B71871B17ED00A700D1FB04 /* EC AdLib */ = {
			isa = PBXGroup;
			children = (
				1BA731AF18A30110006F7834 /* ECBrowserViewController.h */,
				1BA731AE18A2F89F006F7834 /* ECBannerAdView.h */,
				1B71871C17ED00A700D1FB04 /* ECAdLib.a */,
				1B71871D17ED00A700D1FB04 /* ECAdLibResources.bundle */,
				1B71871E17ED00A700D1FB04 /* ECAdManager.h */,
			);
			path = "EC AdLib";
			sourceTree = "<group>";
		};
/* End PBXGroup section */

/* Begin PBXNativeTarget section */
		1B71868017ECE38400D1FB04 /* ECTestAd */ = {
			isa = PBXNativeTarget;
			buildConfigurationList = 1B7186B317ECE38500D1FB04 /* Build configuration list for PBXNativeTarget "ECTestAd" */;
			buildPhases = (
				1B71867D17ECE38400D1FB04 /* Sources */,
				1B71867E17ECE38400D1FB04 /* Frameworks */,
				1B71867F17ECE38400D1FB04 /* Resources */,
			);
			buildRules = (
			);
			dependencies = (
			);
			name = ECTestAd;
			productName = "EC Ad Demo";
			productReference = 1B71868117ECE38400D1FB04 /* ECTestAd.app */;
			productType = "com.apple.product-type.application";
		};
		1B7186A117ECE38400D1FB04 /* ECTestAdTests */ = {
			isa = PBXNativeTarget;
			buildConfigurationList = 1B7186B617ECE38500D1FB04 /* Build configuration list for PBXNativeTarget "ECTestAdTests" */;
			buildPhases = (
				1B71869E17ECE38400D1FB04 /* Sources */,
				1B71869F17ECE38400D1FB04 /* Frameworks */,
				1B7186A017ECE38400D1FB04 /* Resources */,
			);
			buildRules = (
			);
			dependencies = (
				1B7186A817ECE38500D1FB04 /* PBXTargetDependency */,
			);
			name = ECTestAdTests;
			productName = "EC Ad DemoTests";
			productReference = 1B7186A217ECE38400D1FB04 /* ECTestAdTests.xctest */;
			productType = "com.apple.product-type.bundle.unit-test";
		};
/* End PBXNativeTarget section */

/* Begin PBXProject section */
		1B71867917ECE38400D1FB04 /* Project object */ = {
			isa = PBXProject;
			attributes = {
				LastUpgradeCheck = 0500;
				ORGANIZATIONNAME = "Karthik Kumaravel";
				TargetAttributes = {
					1B71868017ECE38400D1FB04 = {
						DevelopmentTeam = 6W4FRRGM6N;
					};
					1B7186A117ECE38400D1FB04 = {
						TestTargetID = 1B71868017ECE38400D1FB04;
					};
				};
			};
			buildConfigurationList = 1B71867C17ECE38400D1FB04 /* Build configuration list for PBXProject "ECTestAd" */;
			compatibilityVersion = "Xcode 3.2";
			developmentRegion = English;
			hasScannedForEncodings = 0;
			knownRegions = (
				en,
				Base,
			);
			mainGroup = 1B71867817ECE38400D1FB04;
			productRefGroup = 1B71868217ECE38400D1FB04 /* Products */;
			projectDirPath = "";
			projectRoot = "";
			targets = (
				1B71868017ECE38400D1FB04 /* ECTestAd */,
				1B7186A117ECE38400D1FB04 /* ECTestAdTests */,
			);
		};
/* End PBXProject section */

/* Begin PBXResourcesBuildPhase section */
		1B71867F17ECE38400D1FB04 /* Resources */ = {
			isa = PBXResourcesBuildPhase;
			buildActionMask = 2147483647;
			files = (
				1B19B76518298D650091A2C5 /* Icon.png in Resources */,
				1B71869D17ECE38400D1FB04 /* Images.xcassets in Resources */,
				1B19B76618298D650091A2C5 /* Icon@2x.png in Resources */,
				1B71872217ED00A700D1FB04 /* ECAdLibResources.bundle in Resources */,
				1B71868F17ECE38400D1FB04 /* InfoPlist.strings in Resources */,
				1B71869817ECE38400D1FB04 /* Main.storyboard in Resources */,
				1B7186BA17ECE3F100D1FB04 /* engageclick.png in Resources */,
			);
			runOnlyForDeploymentPostprocessing = 0;
		};
		1B7186A017ECE38400D1FB04 /* Resources */ = {
			isa = PBXResourcesBuildPhase;
			buildActionMask = 2147483647;
			files = (
				1B7186AE17ECE38500D1FB04 /* InfoPlist.strings in Resources */,
			);
			runOnlyForDeploymentPostprocessing = 0;
		};
/* End PBXResourcesBuildPhase section */

/* Begin PBXSourcesBuildPhase section */
		1B71867D17ECE38400D1FB04 /* Sources */ = {
			isa = PBXSourcesBuildPhase;
			buildActionMask = 2147483647;
			files = (
				1B71869B17ECE38400D1FB04 /* ViewController.m in Sources */,
				1B71869517ECE38400D1FB04 /* AppDelegate.m in Sources */,
				1B71869117ECE38400D1FB04 /* main.m in Sources */,
			);
			runOnlyForDeploymentPostprocessing = 0;
		};
		1B71869E17ECE38400D1FB04 /* Sources */ = {
			isa = PBXSourcesBuildPhase;
			buildActionMask = 2147483647;
			files = (
				1B7186B017ECE38500D1FB04 /* EC_Ad_DemoTests.m in Sources */,
			);
			runOnlyForDeploymentPostprocessing = 0;
		};
/* End PBXSourcesBuildPhase section */

/* Begin PBXTargetDependency section */
		1B7186A817ECE38500D1FB04 /* PBXTargetDependency */ = {
			isa = PBXTargetDependency;
			target = 1B71868017ECE38400D1FB04 /* ECTestAd */;
			targetProxy = 1B7186A717ECE38500D1FB04 /* PBXContainerItemProxy */;
		};
/* End PBXTargetDependency section */

/* Begin PBXVariantGroup section */
		1B71868D17ECE38400D1FB04 /* InfoPlist.strings */ = {
			isa = PBXVariantGroup;
			children = (
				1B71868E17ECE38400D1FB04 /* en */,
			);
			name = InfoPlist.strings;
			sourceTree = "<group>";
		};
		1B71869617ECE38400D1FB04 /* Main.storyboard */ = {
			isa = PBXVariantGroup;
			children = (
				1B71869717ECE38400D1FB04 /* Base */,
			);
			name = Main.storyboard;
			sourceTree = "<group>";
		};
		1B7186AC17ECE38500D1FB04 /* InfoPlist.strings */ = {
			isa = PBXVariantGroup;
			children = (
				1B7186AD17ECE38500D1FB04 /* en */,
			);
			name = InfoPlist.strings;
			sourceTree = "<group>";
		};
/* End PBXVariantGroup section */

/* Begin XCBuildConfiguration section */
		1B7186B117ECE38500D1FB04 /* Debug */ = {
			isa = XCBuildConfiguration;
			buildSettings = {
				ALWAYS_SEARCH_USER_PATHS = NO;
				ARCHS = "$(ARCHS_STANDARD_INCLUDING_64_BIT)";
				CLANG_CXX_LANGUAGE_STANDARD = "gnu++0x";
				CLANG_CXX_LIBRARY = "libc++";
				CLANG_ENABLE_MODULES = YES;
				CLANG_ENABLE_OBJC_ARC = YES;
				CLANG_WARN_BOOL_CONVERSION = YES;
				CLANG_WARN_CONSTANT_CONVERSION = YES;
				CLANG_WARN_DIRECT_OBJC_ISA_USAGE = YES_ERROR;
				CLANG_WARN_EMPTY_BODY = YES;
				CLANG_WARN_ENUM_CONVERSION = YES;
				CLANG_WARN_INT_CONVERSION = YES;
				CLANG_WARN_OBJC_ROOT_CLASS = YES_ERROR;
				CLANG_WARN__DUPLICATE_METHOD_MATCH = YES;
				CODE_SIGN_IDENTITY = "iPhone Developer: Karthik Kumar (86L66CFN4G)";
				"CODE_SIGN_IDENTITY[sdk=iphoneos*]" = "iPhone Developer: Karthik Kumar (86L66CFN4G)";
				COPY_PHASE_STRIP = NO;
				GCC_C_LANGUAGE_STANDARD = gnu99;
				GCC_DYNAMIC_NO_PIC = NO;
				GCC_OPTIMIZATION_LEVEL = 0;
				GCC_PREPROCESSOR_DEFINITIONS = (
					"DEBUG=1",
					"$(inherited)",
				);
				GCC_SYMBOLS_PRIVATE_EXTERN = NO;
				GCC_WARN_64_TO_32_BIT_CONVERSION = YES;
				GCC_WARN_ABOUT_RETURN_TYPE = YES_ERROR;
				GCC_WARN_UNDECLARED_SELECTOR = YES;
				GCC_WARN_UNINITIALIZED_AUTOS = YES;
				GCC_WARN_UNUSED_FUNCTION = YES;
				GCC_WARN_UNUSED_VARIABLE = YES;
				IPHONEOS_DEPLOYMENT_TARGET = 6.0;
				ONLY_ACTIVE_ARCH = YES;
				OTHER_LDFLAGS = "-all_load";
				PROVISIONING_PROFILE = "7E7E116C-231E-4EC0-8DC8-B538BBE38344";
				SDKROOT = iphoneos;
			};
			name = Debug;
		};
		1B7186B217ECE38500D1FB04 /* Release */ = {
			isa = XCBuildConfiguration;
			buildSettings = {
				ALWAYS_SEARCH_USER_PATHS = NO;
				ARCHS = "$(ARCHS_STANDARD_INCLUDING_64_BIT)";
				CLANG_CXX_LANGUAGE_STANDARD = "gnu++0x";
				CLANG_CXX_LIBRARY = "libc++";
				CLANG_ENABLE_MODULES = YES;
				CLANG_ENABLE_OBJC_ARC = YES;
				CLANG_WARN_BOOL_CONVERSION = YES;
				CLANG_WARN_CONSTANT_CONVERSION = YES;
				CLANG_WARN_DIRECT_OBJC_ISA_USAGE = YES_ERROR;
				CLANG_WARN_EMPTY_BODY = YES;
				CLANG_WARN_ENUM_CONVERSION = YES;
				CLANG_WARN_INT_CONVERSION = YES;
				CLANG_WARN_OBJC_ROOT_CLASS = YES_ERROR;
				CLANG_WARN__DUPLICATE_METHOD_MATCH = YES;
				CODE_SIGN_IDENTITY = "iPhone Distribution: EngageClick, Inc";
				"CODE_SIGN_IDENTITY[sdk=iphoneos*]" = "iPhone Distribution: EngageClick, Inc";
				COPY_PHASE_STRIP = YES;
				ENABLE_NS_ASSERTIONS = NO;
				GCC_C_LANGUAGE_STANDARD = gnu99;
				GCC_WARN_64_TO_32_BIT_CONVERSION = YES;
				GCC_WARN_ABOUT_RETURN_TYPE = YES_ERROR;
				GCC_WARN_UNDECLARED_SELECTOR = YES;
				GCC_WARN_UNINITIALIZED_AUTOS = YES;
				GCC_WARN_UNUSED_FUNCTION = YES;
				GCC_WARN_UNUSED_VARIABLE = YES;
				IPHONEOS_DEPLOYMENT_TARGET = 6.0;
				OTHER_LDFLAGS = "-all_load";
				PROVISIONING_PROFILE = "7E7E116C-231E-4EC0-8DC8-B538BBE38344";
				SDKROOT = iphoneos;
				VALIDATE_PRODUCT = YES;
			};
			name = Release;
		};
		1B7186B417ECE38500D1FB04 /* Debug */ = {
			isa = XCBuildConfiguration;
			buildSettings = {
				ARCHS = "$(ARCHS_STANDARD)";
				ASSETCATALOG_COMPILER_APPICON_NAME = AppIcon;
				ASSETCATALOG_COMPILER_LAUNCHIMAGE_NAME = LaunchImage;
				CODE_SIGN_IDENTITY = "iPhone Developer: Karthik Kumar (86L66CFN4G)";
				"CODE_SIGN_IDENTITY[sdk=iphoneos*]" = "iPhone Developer: Karthik Kumar (86L66CFN4G)";
				GCC_PRECOMPILE_PREFIX_HEADER = YES;
				GCC_PREFIX_HEADER = "EC Ad Demo/ECTestAd-Prefix.pch";
				INFOPLIST_FILE = "EC Ad Demo/ECTestAd-Info.plist";
				IPHONEOS_DEPLOYMENT_TARGET = 6.0;
				LIBRARY_SEARCH_PATHS = (
					"$(inherited)",
					"/Users/karthikkumaravel/Documents/WorkBench/September/Sep\\ 20/EC\\ Ad\\ Demo/EC\\ AdLib",
				);
				OTHER_LDFLAGS = "-all_load";
				PRODUCT_NAME = ECTestAd;
				PROVISIONING_PROFILE = "";
				TARGETED_DEVICE_FAMILY = "1,2";
				WRAPPER_EXTENSION = app;
			};
			name = Debug;
		};
		1B7186B517ECE38500D1FB04 /* Release */ = {
			isa = XCBuildConfiguration;
			buildSettings = {
				ARCHS = "$(ARCHS_STANDARD)";
				ASSETCATALOG_COMPILER_APPICON_NAME = AppIcon;
				ASSETCATALOG_COMPILER_LAUNCHIMAGE_NAME = LaunchImage;
				CODE_SIGN_IDENTITY = "iPhone Developer: Karthik Kumar (86L66CFN4G)";
				"CODE_SIGN_IDENTITY[sdk=iphoneos*]" = "iPhone Developer";
				GCC_PRECOMPILE_PREFIX_HEADER = YES;
				GCC_PREFIX_HEADER = "EC Ad Demo/ECTestAd-Prefix.pch";
				INFOPLIST_FILE = "EC Ad Demo/ECTestAd-Info.plist";
				IPHONEOS_DEPLOYMENT_TARGET = 6.0;
				LIBRARY_SEARCH_PATHS = (
					"$(inherited)",
					"/Users/karthikkumaravel/Documents/WorkBench/September/Sep\\ 20/EC\\ Ad\\ Demo/EC\\ AdLib",
				);
				OTHER_LDFLAGS = "-all_load";
				PRODUCT_NAME = ECTestAd;
				PROVISIONING_PROFILE = "";
				TARGETED_DEVICE_FAMILY = "1,2";
				WRAPPER_EXTENSION = app;
			};
			name = Release;
		};
		1B7186B717ECE38500D1FB04 /* Debug */ = {
			isa = XCBuildConfiguration;
			buildSettings = {
				ARCHS = "$(ARCHS_STANDARD_INCLUDING_64_BIT)";
				BUNDLE_LOADER = "$(BUILT_PRODUCTS_DIR)/EC Ad Demo.app/EC Ad Demo";
				FRAMEWORK_SEARCH_PATHS = (
					"$(SDKROOT)/Developer/Library/Frameworks",
					"$(inherited)",
					"$(DEVELOPER_FRAMEWORKS_DIR)",
				);
				GCC_PRECOMPILE_PREFIX_HEADER = YES;
				GCC_PREFIX_HEADER = "EC Ad Demo/EC Ad Demo-Prefix.pch";
				GCC_PREPROCESSOR_DEFINITIONS = (
					"DEBUG=1",
					"$(inherited)",
				);
				INFOPLIST_FILE = "EC Ad DemoTests/ECTestAdTests-Info.plist";
				PRODUCT_NAME = ECTestAdTests;
				TEST_HOST = "$(BUNDLE_LOADER)";
				WRAPPER_EXTENSION = xctest;
			};
			name = Debug;
		};
		1B7186B817ECE38500D1FB04 /* Release */ = {
			isa = XCBuildConfiguration;
			buildSettings = {
				ARCHS = "$(ARCHS_STANDARD_INCLUDING_64_BIT)";
				BUNDLE_LOADER = "$(BUILT_PRODUCTS_DIR)/EC Ad Demo.app/EC Ad Demo";
				FRAMEWORK_SEARCH_PATHS = (
					"$(SDKROOT)/Developer/Library/Frameworks",
					"$(inherited)",
					"$(DEVELOPER_FRAMEWORKS_DIR)",
				);
				GCC_PRECOMPILE_PREFIX_HEADER = YES;
				GCC_PREFIX_HEADER = "EC Ad Demo/EC Ad Demo-Prefix.pch";
				INFOPLIST_FILE = "EC Ad DemoTests/ECTestAdTests-Info.plist";
				PRODUCT_NAME = ECTestAdTests;
				TEST_HOST = "$(BUNDLE_LOADER)";
				WRAPPER_EXTENSION = xctest;
			};
			name = Release;
		};
/* End XCBuildConfiguration section */

/* Begin XCConfigurationList section */
		1B71867C17ECE38400D1FB04 /* Build configuration list for PBXProject "ECTestAd" */ = {
			isa = XCConfigurationList;
			buildConfigurations = (
				1B7186B117ECE38500D1FB04 /* Debug */,
				1B7186B217ECE38500D1FB04 /* Release */,
			);
			defaultConfigurationIsVisible = 0;
			defaultConfigurationName = Release;
		};
		1B7186B317ECE38500D1FB04 /* Build configuration list for PBXNativeTarget "ECTestAd" */ = {
			isa = XCConfigurationList;
			buildConfigurations = (
				1B7186B417ECE38500D1FB04 /* Debug */,
				1B7186B517ECE38500D1FB04 /* Release */,
			);
			defaultConfigurationIsVisible = 0;
			defaultConfigurationName = Release;
		};
		1B7186B617ECE38500D1FB04 /* Build configuration list for PBXNativeTarget "ECTestAdTests" */ = {
			isa = XCConfigurationList;
			buildConfigurations = (
				1B7186B717ECE38500D1FB04 /* Debug */,
				1B7186B817ECE38500D1FB04 /* Release */,
			);
			defaultConfigurationIsVisible = 0;
			defaultConfigurationName = Release;
		};
/* End XCConfigurationList section */
	};
	rootObject = 1B71867917ECE38400D1FB04 /* Project object */;
}
